
Microsoft Visual Studio Solution File, Format Version 12.00
# Visual Studio 15
VisualStudioVersion = 15.0.28307.168
MinimumVisualStudioVersion = 10.0.40219.1
Project("{FAE04EC0-301F-11D3-BF4B-00C04F79EFBC}") = "WpfApp4", "WpfApp4\WpfApp4.csproj", "{88665C0B-95E0-4808-9B18-9EA28D2239ED}"
EndProject
Global
	GlobalSection(SolutionConfigurationPlatforms) = preSolution
		Debug|Any CPU = Debug|Any CPU
		Debug|x64 = Debug|x64
		Release|Any CPU = Release|Any CPU
		Release|x64 = Release|x64
	EndGlobalSection
	GlobalSection(ProjectConfigurationPlatforms) = postSolution
		{88665C0B-95E0-4808-9B18-9EA28D2239ED}.Debug|Any CPU.ActiveCfg = Debug|Any CPU
		{88665C0B-95E0-4808-9B18-9EA28D2239ED}.Debug|Any CPU.Build.0 = Debug|Any CPU
		{88665C0B-95E0-4808-9B18-9EA28D2239ED}.Debug|x64.ActiveCfg = Debug|x64
		{88665C0B-95E0-4808-9B18-9EA28D2239ED}.Debug|x64.Build.0 = Debug|x64
		{88665C0B-95E0-4808-9B18-9EA28D2239ED}.Release|Any CPU.ActiveCfg = Release|Any CPU
		{88665C0B-95E0-4808-9B18-9EA28D2239ED}.Release|Any CPU.Build.0 = Release|Any CPU
		{88665C0B-95E0-4808-9B18-9EA28D2239ED}.Release|x64.ActiveCfg = Release|x64
		{88665C0B-95E0-4808-9B18-9EA28D2239ED}.Release|x64.Build.0 = Release|x64
	EndGlobalSection
	GlobalSection(SolutionProperties) = preSolution
		HideSolutionNode = FALSE
	EndGlobalSection
	GlobalSection(ExtensibilityGlobals) = postSolution
		SolutionGuid = {7F3AA9F8-DB89-49E6-8B7F-E539FD4121A5}
	EndGlobalSection
EndGlobal
